
Microsoft Visual Studio Solution File, Format Version 12.00
# Visual Studio 2013
VisualStudioVersion = 12.0.30723.0
MinimumVisualStudioVersion = 10.0.40219.1
Project("{FAE04EC0-301F-11D3-BF4B-00C04F79EFBC}") = "WebUI", "WebUI\WebUI.csproj", "{716AC799-37AF-45F5-8716-8F6F415F3349}"
EndProject
Project("{FAE04EC0-301F-11D3-BF4B-00C04F79EFBC}") = "VisualStudioSolutionInfo", "VisualStudioSolutionInfo\VisualStudioSolutionInfo.csproj", "{DC15F994-0993-47E0-9D95-405D1F817B77}"
EndProject
Project("{FAE04EC0-301F-11D3-BF4B-00C04F79EFBC}") = "SvnHelper", "SvnHelper\SvnHelper.csproj", "{35AA51FC-2736-4A05-85D7-E1871667D568}"
EndProject
Project("{2150E333-8FDC-42A3-9474-1A3956D46DE8}") = "1. Framework", "1. Framework", "{D23AB140-E668-4230-9F9B-A31926E3E199}"
EndProject
Project("{2150E333-8FDC-42A3-9474-1A3956D46DE8}") = "3. UI", "3. UI", "{F30FAF16-0F9C-4FA4-948F-90266891E97E}"
EndProject
Project("{FAE04EC0-301F-11D3-BF4B-00C04F79EFBC}") = "WebUI.Bootstrapper", "WebUI.Bootstrapper\WebUI.Bootstrapper.csproj", "{4B65D3BA-D8F5-4ED6-86C0-D57202444EEC}"
EndProject
Project("{FAE04EC0-301F-11D3-BF4B-00C04F79EFBC}") = "ObjectFactory", "ObjectFactory\ObjectFactory.csproj", "{F5CBAA93-C1C9-43C5-9AB6-8AC2F9DB7741}"
EndProject
Project("{FAE04EC0-301F-11D3-BF4B-00C04F79EFBC}") = "UnityIocContainer", "UnityIocContainer\UnityIocContainer.csproj", "{E5FE3E6F-8C55-4348-9337-BB953F4143BB}"
EndProject
Project("{2150E333-8FDC-42A3-9474-1A3956D46DE8}") = "DI", "DI", "{13CF6F30-C720-4547-8462-A927F15E3A5E}"
EndProject
Project("{2150E333-8FDC-42A3-9474-1A3956D46DE8}") = "SourceControlProviders", "SourceControlProviders", "{567B9595-7E65-446D-A269-D90F3CEC9449}"
EndProject
Project("{2150E333-8FDC-42A3-9474-1A3956D46DE8}") = "2. Application", "2. Application", "{BCD681B9-D4C5-4DF3-87CB-80CA4FCC45EC}"
EndProject
Project("{FAE04EC0-301F-11D3-BF4B-00C04F79EFBC}") = "AspNetDeploy.Contracts", "AspNetDeploy.Contracts\AspNetDeploy.Contracts.csproj", "{76580B91-2151-48A4-941F-1AEF298B13DE}"
EndProject
Project("{FAE04EC0-301F-11D3-BF4B-00C04F79EFBC}") = "AspNetDeploy.Model", "AspNetDeploy.Model\AspNetDeploy.Model.csproj", "{B22A302A-153F-4B7B-91EF-877412D3EFBB}"
EndProject
Project("{FAE04EC0-301F-11D3-BF4B-00C04F79EFBC}") = "AspNetDeploy.Bootstrapper", "AspNetDeploy.Bootstrapper\AspNetDeploy.Bootstrapper.csproj", "{86146B7C-8B8C-475B-8879-8D14EB507154}"
EndProject
Project("{FAE04EC0-301F-11D3-BF4B-00C04F79EFBC}") = "AspNetDeploy.SourceControls", "AspNetDeploy.SourceControls\AspNetDeploy.SourceControls.csproj", "{2F548CB9-6147-4CFB-B1F6-BE5C0259D675}"
EndProject
Project("{FAE04EC0-301F-11D3-BF4B-00C04F79EFBC}") = "AspNetDeploy.SourceControls.SVN", "AspNetDeploy.SourceControls.SVN\AspNetDeploy.SourceControls.SVN.csproj", "{A32D039E-8BE5-43BE-A2BE-C633F6A3C91E}"
EndProject
Project("{FAE04EC0-301F-11D3-BF4B-00C04F79EFBC}") = "AspNetDeploy.SourceControls.Git", "AspNetDeploy.SourceControls.Git\AspNetDeploy.SourceControls.Git.csproj", "{F42DD6F1-CDC3-4C0E-B81F-91E9E446C626}"
EndProject
Global
	GlobalSection(SolutionConfigurationPlatforms) = preSolution
		Debug|Any CPU = Debug|Any CPU
		Release|Any CPU = Release|Any CPU
	EndGlobalSection
	GlobalSection(ProjectConfigurationPlatforms) = postSolution
		{716AC799-37AF-45F5-8716-8F6F415F3349}.Debug|Any CPU.ActiveCfg = Debug|Any CPU
		{716AC799-37AF-45F5-8716-8F6F415F3349}.Debug|Any CPU.Build.0 = Debug|Any CPU
		{716AC799-37AF-45F5-8716-8F6F415F3349}.Release|Any CPU.ActiveCfg = Release|Any CPU
		{716AC799-37AF-45F5-8716-8F6F415F3349}.Release|Any CPU.Build.0 = Release|Any CPU
		{DC15F994-0993-47E0-9D95-405D1F817B77}.Debug|Any CPU.ActiveCfg = Debug|Any CPU
		{DC15F994-0993-47E0-9D95-405D1F817B77}.Debug|Any CPU.Build.0 = Debug|Any CPU
		{DC15F994-0993-47E0-9D95-405D1F817B77}.Release|Any CPU.ActiveCfg = Release|Any CPU
		{DC15F994-0993-47E0-9D95-405D1F817B77}.Release|Any CPU.Build.0 = Release|Any CPU
		{35AA51FC-2736-4A05-85D7-E1871667D568}.Debug|Any CPU.ActiveCfg = Debug|Any CPU
		{35AA51FC-2736-4A05-85D7-E1871667D568}.Debug|Any CPU.Build.0 = Debug|Any CPU
		{35AA51FC-2736-4A05-85D7-E1871667D568}.Release|Any CPU.ActiveCfg = Release|Any CPU
		{35AA51FC-2736-4A05-85D7-E1871667D568}.Release|Any CPU.Build.0 = Release|Any CPU
		{4B65D3BA-D8F5-4ED6-86C0-D57202444EEC}.Debug|Any CPU.ActiveCfg = Debug|Any CPU
		{4B65D3BA-D8F5-4ED6-86C0-D57202444EEC}.Debug|Any CPU.Build.0 = Debug|Any CPU
		{4B65D3BA-D8F5-4ED6-86C0-D57202444EEC}.Release|Any CPU.ActiveCfg = Release|Any CPU
		{4B65D3BA-D8F5-4ED6-86C0-D57202444EEC}.Release|Any CPU.Build.0 = Release|Any CPU
		{F5CBAA93-C1C9-43C5-9AB6-8AC2F9DB7741}.Debug|Any CPU.ActiveCfg = Debug|Any CPU
		{F5CBAA93-C1C9-43C5-9AB6-8AC2F9DB7741}.Debug|Any CPU.Build.0 = Debug|Any CPU
		{F5CBAA93-C1C9-43C5-9AB6-8AC2F9DB7741}.Release|Any CPU.ActiveCfg = Release|Any CPU
		{F5CBAA93-C1C9-43C5-9AB6-8AC2F9DB7741}.Release|Any CPU.Build.0 = Release|Any CPU
		{E5FE3E6F-8C55-4348-9337-BB953F4143BB}.Debug|Any CPU.ActiveCfg = Debug|Any CPU
		{E5FE3E6F-8C55-4348-9337-BB953F4143BB}.Debug|Any CPU.Build.0 = Debug|Any CPU
		{E5FE3E6F-8C55-4348-9337-BB953F4143BB}.Release|Any CPU.ActiveCfg = Release|Any CPU
		{E5FE3E6F-8C55-4348-9337-BB953F4143BB}.Release|Any CPU.Build.0 = Release|Any CPU
		{76580B91-2151-48A4-941F-1AEF298B13DE}.Debug|Any CPU.ActiveCfg = Debug|Any CPU
		{76580B91-2151-48A4-941F-1AEF298B13DE}.Debug|Any CPU.Build.0 = Debug|Any CPU
		{76580B91-2151-48A4-941F-1AEF298B13DE}.Release|Any CPU.ActiveCfg = Release|Any CPU
		{76580B91-2151-48A4-941F-1AEF298B13DE}.Release|Any CPU.Build.0 = Release|Any CPU
		{B22A302A-153F-4B7B-91EF-877412D3EFBB}.Debug|Any CPU.ActiveCfg = Debug|Any CPU
		{B22A302A-153F-4B7B-91EF-877412D3EFBB}.Debug|Any CPU.Build.0 = Debug|Any CPU
		{B22A302A-153F-4B7B-91EF-877412D3EFBB}.Release|Any CPU.ActiveCfg = Release|Any CPU
		{B22A302A-153F-4B7B-91EF-877412D3EFBB}.Release|Any CPU.Build.0 = Release|Any CPU
		{86146B7C-8B8C-475B-8879-8D14EB507154}.Debug|Any CPU.ActiveCfg = Debug|Any CPU
		{86146B7C-8B8C-475B-8879-8D14EB507154}.Debug|Any CPU.Build.0 = Debug|Any CPU
		{86146B7C-8B8C-475B-8879-8D14EB507154}.Release|Any CPU.ActiveCfg = Release|Any CPU
		{86146B7C-8B8C-475B-8879-8D14EB507154}.Release|Any CPU.Build.0 = Release|Any CPU
		{2F548CB9-6147-4CFB-B1F6-BE5C0259D675}.Debug|Any CPU.ActiveCfg = Debug|Any CPU
		{2F548CB9-6147-4CFB-B1F6-BE5C0259D675}.Debug|Any CPU.Build.0 = Debug|Any CPU
		{2F548CB9-6147-4CFB-B1F6-BE5C0259D675}.Release|Any CPU.ActiveCfg = Release|Any CPU
		{2F548CB9-6147-4CFB-B1F6-BE5C0259D675}.Release|Any CPU.Build.0 = Release|Any CPU
		{A32D039E-8BE5-43BE-A2BE-C633F6A3C91E}.Debug|Any CPU.ActiveCfg = Debug|Any CPU
		{A32D039E-8BE5-43BE-A2BE-C633F6A3C91E}.Debug|Any CPU.Build.0 = Debug|Any CPU
		{A32D039E-8BE5-43BE-A2BE-C633F6A3C91E}.Release|Any CPU.ActiveCfg = Release|Any CPU
		{A32D039E-8BE5-43BE-A2BE-C633F6A3C91E}.Release|Any CPU.Build.0 = Release|Any CPU
		{F42DD6F1-CDC3-4C0E-B81F-91E9E446C626}.Debug|Any CPU.ActiveCfg = Debug|Any CPU
		{F42DD6F1-CDC3-4C0E-B81F-91E9E446C626}.Debug|Any CPU.Build.0 = Debug|Any CPU
		{F42DD6F1-CDC3-4C0E-B81F-91E9E446C626}.Release|Any CPU.ActiveCfg = Release|Any CPU
		{F42DD6F1-CDC3-4C0E-B81F-91E9E446C626}.Release|Any CPU.Build.0 = Release|Any CPU
	EndGlobalSection
	GlobalSection(SolutionProperties) = preSolution
		HideSolutionNode = FALSE
	EndGlobalSection
	GlobalSection(NestedProjects) = preSolution
		{716AC799-37AF-45F5-8716-8F6F415F3349} = {F30FAF16-0F9C-4FA4-948F-90266891E97E}
		{DC15F994-0993-47E0-9D95-405D1F817B77} = {D23AB140-E668-4230-9F9B-A31926E3E199}
		{35AA51FC-2736-4A05-85D7-E1871667D568} = {D23AB140-E668-4230-9F9B-A31926E3E199}
		{4B65D3BA-D8F5-4ED6-86C0-D57202444EEC} = {F30FAF16-0F9C-4FA4-948F-90266891E97E}
		{F5CBAA93-C1C9-43C5-9AB6-8AC2F9DB7741} = {13CF6F30-C720-4547-8462-A927F15E3A5E}
		{E5FE3E6F-8C55-4348-9337-BB953F4143BB} = {13CF6F30-C720-4547-8462-A927F15E3A5E}
		{13CF6F30-C720-4547-8462-A927F15E3A5E} = {D23AB140-E668-4230-9F9B-A31926E3E199}
		{567B9595-7E65-446D-A269-D90F3CEC9449} = {D23AB140-E668-4230-9F9B-A31926E3E199}
		{76580B91-2151-48A4-941F-1AEF298B13DE} = {BCD681B9-D4C5-4DF3-87CB-80CA4FCC45EC}
		{B22A302A-153F-4B7B-91EF-877412D3EFBB} = {BCD681B9-D4C5-4DF3-87CB-80CA4FCC45EC}
		{86146B7C-8B8C-475B-8879-8D14EB507154} = {BCD681B9-D4C5-4DF3-87CB-80CA4FCC45EC}
		{2F548CB9-6147-4CFB-B1F6-BE5C0259D675} = {BCD681B9-D4C5-4DF3-87CB-80CA4FCC45EC}
		{A32D039E-8BE5-43BE-A2BE-C633F6A3C91E} = {BCD681B9-D4C5-4DF3-87CB-80CA4FCC45EC}
		{F42DD6F1-CDC3-4C0E-B81F-91E9E446C626} = {BCD681B9-D4C5-4DF3-87CB-80CA4FCC45EC}
	EndGlobalSection
	GlobalSection(ExtensibilityGlobals) = postSolution
		VisualSVNWorkingCopyRoot = .
	EndGlobalSection
EndGlobal
