
Microsoft Visual Studio Solution File, Format Version 12.00
# Visual Studio Version 17
VisualStudioVersion = 17.6.33723.286
MinimumVisualStudioVersion = 10.0.40219.1
Project("{FAE04EC0-301F-11D3-BF4B-00C04F79EFBC}") = "WebUI", "WebUI\WebUI.csproj", "{716AC799-37AF-45F5-8716-8F6F415F3349}"
EndProject
Project("{2150E333-8FDC-42A3-9474-1A3956D46DE8}") = "1. Framework", "1. Framework", "{D23AB140-E668-4230-9F9B-A31926E3E199}"
EndProject
Project("{2150E333-8FDC-42A3-9474-1A3956D46DE8}") = "3. UI", "3. UI", "{F30FAF16-0F9C-4FA4-948F-90266891E97E}"
EndProject
Project("{FAE04EC0-301F-11D3-BF4B-00C04F79EFBC}") = "WebUI.Bootstrapper", "WebUI.Bootstrapper\WebUI.Bootstrapper.csproj", "{4B65D3BA-D8F5-4ED6-86C0-D57202444EEC}"
EndProject
Project("{FAE04EC0-301F-11D3-BF4B-00C04F79EFBC}") = "ObjectFactory", "ObjectFactory\ObjectFactory.csproj", "{F5CBAA93-C1C9-43C5-9AB6-8AC2F9DB7741}"
EndProject
Project("{FAE04EC0-301F-11D3-BF4B-00C04F79EFBC}") = "UnityIocContainer", "UnityIocContainer\UnityIocContainer.csproj", "{E5FE3E6F-8C55-4348-9337-BB953F4143BB}"
EndProject
Project("{2150E333-8FDC-42A3-9474-1A3956D46DE8}") = "DI", "DI", "{13CF6F30-C720-4547-8462-A927F15E3A5E}"
EndProject
Project("{2150E333-8FDC-42A3-9474-1A3956D46DE8}") = "2. Application", "2. Application", "{BCD681B9-D4C5-4DF3-87CB-80CA4FCC45EC}"
EndProject
Project("{FAE04EC0-301F-11D3-BF4B-00C04F79EFBC}") = "AspNetDeploy.Contracts", "AspNetDeploy.Contracts\AspNetDeploy.Contracts.csproj", "{76580B91-2151-48A4-941F-1AEF298B13DE}"
EndProject
Project("{FAE04EC0-301F-11D3-BF4B-00C04F79EFBC}") = "AspNetDeploy.Model", "AspNetDeploy.Model\AspNetDeploy.Model.csproj", "{B22A302A-153F-4B7B-91EF-877412D3EFBB}"
EndProject
Project("{FAE04EC0-301F-11D3-BF4B-00C04F79EFBC}") = "AspNetDeploy.Bootstrapper", "AspNetDeploy.Bootstrapper\AspNetDeploy.Bootstrapper.csproj", "{86146B7C-8B8C-475B-8879-8D14EB507154}"
EndProject
Project("{FAE04EC0-301F-11D3-BF4B-00C04F79EFBC}") = "SourceControls", "AspNetDeploy.SourceControls\SourceControls.csproj", "{2F548CB9-6147-4CFB-B1F6-BE5C0259D675}"
EndProject
Project("{FAE04EC0-301F-11D3-BF4B-00C04F79EFBC}") = "SourceControls.SVN", "AspNetDeploy.SourceControls.SVN\SourceControls.SVN.csproj", "{A32D039E-8BE5-43BE-A2BE-C633F6A3C91E}"
EndProject
Project("{FAE04EC0-301F-11D3-BF4B-00C04F79EFBC}") = "SourceControls.Git", "AspNetDeploy.SourceControls.Git\SourceControls.Git.csproj", "{F42DD6F1-CDC3-4C0E-B81F-91E9E446C626}"
EndProject
Project("{FAE04EC0-301F-11D3-BF4B-00C04F79EFBC}") = "VisualStudio2016Parser", "AspNetDeploy.SolutionParsers.VisualStudio\VisualStudio2016Parser.csproj", "{3D9B4642-DC9C-4951-B0EC-A1AF2F764E38}"
EndProject
Project("{2150E333-8FDC-42A3-9474-1A3956D46DE8}") = "1. Domain", "1. Domain", "{2BAE3B06-63CF-483D-ACA2-6662C78B2422}"
EndProject
Project("{FAE04EC0-301F-11D3-BF4B-00C04F79EFBC}") = "ThreadHostedTaskRunner", "ThreadHostedTaskRunner\ThreadHostedTaskRunner.csproj", "{940D1369-A1DA-4025-A9C4-64A760891626}"
EndProject
Project("{FAE04EC0-301F-11D3-BF4B-00C04F79EFBC}") = "BuildServices", "AspNetDeploy.BuildServices\BuildServices.csproj", "{0EFE39B5-A8E6-4771-AB24-6B49451902E4}"
EndProject
Project("{FAE04EC0-301F-11D3-BF4B-00C04F79EFBC}") = "BuildServices.MSBuild", "AspNetDeploy.BuildServices.MSBuild\BuildServices.MSBuild.csproj", "{264F8BF4-0F49-4167-9283-7F02D7A29731}"
EndProject
Project("{FAE04EC0-301F-11D3-BF4B-00C04F79EFBC}") = "ContinuousIntegration", "AspNetDeploy.ContinuousIntegration\ContinuousIntegration.csproj", "{BD2B7DB5-C23E-4D5E-943C-0150FE1E91D9}"
EndProject
Project("{FAE04EC0-301F-11D3-BF4B-00C04F79EFBC}") = "SourceControls.FileSystem", "SourceControls.FileSystem\SourceControls.FileSystem.csproj", "{F0FEBF20-BEBF-4BD0-9819-D4EA212F773B}"
EndProject
Project("{2150E333-8FDC-42A3-9474-1A3956D46DE8}") = "Sources", "Sources", "{20EDDC5D-B58E-46F4-8961-4C5587BB4CAB}"
EndProject
Project("{2150E333-8FDC-42A3-9474-1A3956D46DE8}") = "Build and solution", "Build and solution", "{0D24E791-9F14-46DF-AE2D-BD45D08CFE31}"
EndProject
Project("{FAE04EC0-301F-11D3-BF4B-00C04F79EFBC}") = "BuildServices.NuGet", "BuildServices.NuGet\BuildServices.NuGet.csproj", "{F91D4165-BA2F-4C06-9BE7-2662C0EA7B0E}"
EndProject
Project("{FAE04EC0-301F-11D3-BF4B-00C04F79EFBC}") = "ConsoleTest", "ConsoleTest\ConsoleTest.csproj", "{066BF48B-C1D2-4967-BAED-52E8CBE2B5C0}"
EndProject
Project("{FAE04EC0-301F-11D3-BF4B-00C04F79EFBC}") = "WorkflowHandler", "WorkflowHandler\WorkflowHandler.csproj", "{B0E624BD-68CD-4E79-99A3-77658A47A21C}"
EndProject
Project("{FAE04EC0-301F-11D3-BF4B-00C04F79EFBC}") = "Packagers", "Packagers\Packagers.csproj", "{35A84719-3B24-4D84-B632-B741AB9607BD}"
EndProject
Project("{FAE04EC0-301F-11D3-BF4B-00C04F79EFBC}") = "Packagers.VisualStudioProject", "Packagers.VisualStudioProject\Packagers.VisualStudioProject.csproj", "{83DCC20E-1E31-4E25-8384-507823BD4B1A}"
EndProject
Project("{2150E333-8FDC-42A3-9474-1A3956D46DE8}") = "Environment", "Environment", "{6083A989-2E29-42A7-B124-8077AE3A2DEE}"
EndProject
Project("{FAE04EC0-301F-11D3-BF4B-00C04F79EFBC}") = "LocalEnvironment", "LocalEnvironment\LocalEnvironment.csproj", "{F713EDD4-1699-4792-9894-658200428E3B}"
EndProject
Project("{2150E333-8FDC-42A3-9474-1A3956D46DE8}") = "2. Server", "2. Server", "{DEF70926-942F-472E-916B-021E74EE4E60}"
EndProject
Project("{2150E333-8FDC-42A3-9474-1A3956D46DE8}") = "3. Satellite", "3. Satellite", "{998D1C30-5AE8-434D-A602-E6670066118C}"
	ProjectSection(SolutionItems) = preProject
		Setup.txt = Setup.txt
	EndProjectSection
EndProject
Project("{FAE04EC0-301F-11D3-BF4B-00C04F79EFBC}") = "SatelliteService", "SatelliteService\SatelliteService.csproj", "{87C8F2EC-BA8B-4EFF-A320-23AFBD070738}"
EndProject
Project("{FAE04EC0-301F-11D3-BF4B-00C04F79EFBC}") = "SatelliteConsoleHost", "SatelliteHost\SatelliteConsoleHost.csproj", "{CDDEA61F-AA3C-473D-AF02-5B8D424F7B17}"
EndProject
Project("{2150E333-8FDC-42A3-9474-1A3956D46DE8}") = "3. UI", "3. UI", "{E2599008-7B50-4236-BB6B-55AD26951864}"
EndProject
Project("{2150E333-8FDC-42A3-9474-1A3956D46DE8}") = "2. Application", "2. Application", "{1F8A5FDE-D271-4919-ADE7-9CBD84C29149}"
EndProject
Project("{FAE04EC0-301F-11D3-BF4B-00C04F79EFBC}") = "SatelliteService.Contracts", "SatelliteService.Contracts\SatelliteService.Contracts.csproj", "{CC40CDCA-E692-4F7C-86F8-F4FA586B6CBB}"
EndProject
Project("{FAE04EC0-301F-11D3-BF4B-00C04F79EFBC}") = "SatelliteService.Bootstrapper", "SatelliteService.Bootstrapper\SatelliteService.Bootstrapper.csproj", "{16F91492-7FA9-49DF-BB7D-4D5D27147942}"
EndProject
Project("{FAE04EC0-301F-11D3-BF4B-00C04F79EFBC}") = "SatelliteService.LocalEnvironment", "SatelliteService.LocalEnvironment\SatelliteService.LocalEnvironment.csproj", "{197267FA-CD51-41F1-A4BB-7860967B0D99}"
EndProject
Project("{2150E333-8FDC-42A3-9474-1A3956D46DE8}") = "1. Domain", "1. Domain", "{B2B7A4F1-F32E-46D1-B26D-7C1A3B294142}"
EndProject
Project("{FAE04EC0-301F-11D3-BF4B-00C04F79EFBC}") = "SatelliteService.Packages", "SatelliteService.Packages\SatelliteService.Packages.csproj", "{91C808E0-B351-43EF-9738-9AF6FC9DFD39}"
EndProject
Project("{FAE04EC0-301F-11D3-BF4B-00C04F79EFBC}") = "SatelliteService.LocalBackups", "SatelliteService.LocalBackups\SatelliteService.LocalBackups.csproj", "{54D20752-2482-4C6A-98B9-D0635F3731F9}"
EndProject
Project("{2150E333-8FDC-42A3-9474-1A3956D46DE8}") = "Deployment", "Deployment", "{C930D618-BB7C-4D23-8B84-9B9586BBD662}"
EndProject
Project("{FAE04EC0-301F-11D3-BF4B-00C04F79EFBC}") = "DeploymentServices", "AspNetDeploy.DeploymentServices\DeploymentServices.csproj", "{6192E2D0-88B7-4ED5-B556-19A7959D1788}"
EndProject
Project("{FAE04EC0-301F-11D3-BF4B-00C04F79EFBC}") = "DeploymentServices.WCFSatellite", "AspNetDeploy.DeploymentServices.WCFSatellite\DeploymentServices.WCFSatellite.csproj", "{D599826D-2EBD-4C3F-904A-A404E790841B}"
EndProject
Project("{FAE04EC0-301F-11D3-BF4B-00C04F79EFBC}") = "Variables", "AspNetDeploy.Variables\Variables.csproj", "{B542EA6D-378B-4DA7-85F8-EE51CEBB457C}"
EndProject
Project("{FAE04EC0-301F-11D3-BF4B-00C04F79EFBC}") = "SatelliteService.Exceptions", "SatelliteService.Exceptions\SatelliteService.Exceptions.csproj", "{1071BF12-F1C6-4477-9D81-C293301507AE}"
EndProject
Project("{FAE04EC0-301F-11D3-BF4B-00C04F79EFBC}") = "DeploymentServices.SatelliteMonitoring", "AspNetDeploy.DeploymentServices.SatelliteMonitoring\DeploymentServices.SatelliteMonitoring.csproj", "{624A245B-5332-4217-AD35-26FA6B1F8ED5}"
EndProject
Project("{2150E333-8FDC-42A3-9474-1A3956D46DE8}") = "Projects", "Projects", "{B727AB72-0680-41EB-A64C-63A3EBBD0F4E}"
EndProject
Project("{FAE04EC0-301F-11D3-BF4B-00C04F79EFBC}") = "Projects", "AspNetDeploy.Projects\Projects.csproj", "{E1B89197-95E6-46C4-B1C7-F3145BAA43B5}"
EndProject
Project("{FAE04EC0-301F-11D3-BF4B-00C04F79EFBC}") = "Projects.VisualStudio2013", "AspNetDeploy.Projects.VisualStudio2013\Projects.VisualStudio2013.csproj", "{C293A126-3ACC-4134-B6B1-23ADD558641F}"
EndProject
Project("{FAE04EC0-301F-11D3-BF4B-00C04F79EFBC}") = "Projects.Zip", "AspNetDeploy.Projects.Zip\Projects.Zip.csproj", "{DCAC5E5E-2FC1-4C1D-B2B3-77113D98C40F}"
EndProject
Project("{FAE04EC0-301F-11D3-BF4B-00C04F79EFBC}") = "Guids", "Guids\Guids.csproj", "{845C08E5-6953-42E0-A7DA-91DF6BEF62A9}"
EndProject
Project("{FAE04EC0-301F-11D3-BF4B-00C04F79EFBC}") = "Projects.Contracts", "AspNetDeploy.Projects.Contracts\Projects.Contracts.csproj", "{94622F2D-3769-4FC4-9686-49ECA3E4077C}"
EndProject
Project("{FAE04EC0-301F-11D3-BF4B-00C04F79EFBC}") = "Packagers.Zip", "AspNetDeploy.Packagers.Zip\Packagers.Zip.csproj", "{C4AA5103-38EB-4908-9932-C3FA0D0FEC4E}"
EndProject
Project("{FAE04EC0-301F-11D3-BF4B-00C04F79EFBC}") = "Logging.ElmahSvc", "AspNetDeploy.Logging.Elmah\Logging.ElmahSvc.csproj", "{4C37BE99-0293-417D-9982-0EB70190880A}"
EndProject
Project("{FAE04EC0-301F-11D3-BF4B-00C04F79EFBC}") = "SatelliteServiceHost", "SatelliteServiceHost\SatelliteServiceHost.csproj", "{A54503F8-4AD9-4D8B-B6E0-D0D52E6AF411}"
EndProject
Project("{FAE04EC0-301F-11D3-BF4B-00C04F79EFBC}") = "CertificateHelpers", "CertificateHelpers\CertificateHelpers.csproj", "{F380D920-1BCE-460D-8F3E-DEF4E71DB03C}"
EndProject
Project("{2150E333-8FDC-42A3-9474-1A3956D46DE8}") = "Logging", "Logging", "{C623E240-DEBF-4D81-98D8-E5C691846548}"
EndProject
Project("{FAE04EC0-301F-11D3-BF4B-00C04F79EFBC}") = "AspNetDeploy.Logging.DatabaseLogger", "AspNetDeploy.Logging.DatabaseLogger\AspNetDeploy.Logging.DatabaseLogger.csproj", "{9C1E615D-45D7-42B7-BBF5-A49E6C18A481}"
EndProject
Project("{FAE04EC0-301F-11D3-BF4B-00C04F79EFBC}") = "Enums", "Enums\Enums.csproj", "{7A050DF8-5017-4FBC-AF33-DBA7AAF4C781}"
EndProject
Project("{2150E333-8FDC-42A3-9474-1A3956D46DE8}") = "0. Man", "0. Man", "{5ED27A12-6731-43C0-8EE5-95BCCF951481}"
	ProjectSection(SolutionItems) = preProject
		CreateDatabase.sql = CreateDatabase.sql
		InitializeDatabaseData.sql = InitializeDatabaseData.sql
		Targets.txt = Targets.txt
	EndProjectSection
EndProject
Project("{FAE04EC0-301F-11D3-BF4B-00C04F79EFBC}") = "Exceptions", "Exceptions\Exceptions.csproj", "{676173F9-2E48-4306-901F-D1998CFD2057}"
EndProject
Project("{FAE04EC0-301F-11D3-BF4B-00C04F79EFBC}") = "Projects.Gulp", "Projects.Gulp\Projects.Gulp.csproj", "{DCA0C9A3-F9E9-4591-B072-1958594D6A9C}"
EndProject
Project("{FAE04EC0-301F-11D3-BF4B-00C04F79EFBC}") = "Packagers.Gulp", "Packagers.Gulp\Packagers.Gulp.csproj", "{9C940383-09B0-46C9-8949-661AB623232E}"
EndProject
Project("{FAE04EC0-301F-11D3-BF4B-00C04F79EFBC}") = "BuildServices.Gulp", "BuildServices.Gulp\BuildServices.Gulp.csproj", "{C03F2436-D1E1-4A0A-83A3-D7E5683AC3AB}"
EndProject
Project("{FAE04EC0-301F-11D3-BF4B-00C04F79EFBC}") = "BuildServices.Npm", "BuildServices.Npm\BuildServices.Npm.csproj", "{7F2A5635-44AC-460D-9CCA-CFB3C8344A12}"
EndProject
Project("{FAE04EC0-301F-11D3-BF4B-00C04F79EFBC}") = "AspNetDeploy.Dapper", "AspNetDeploy.Dapper\AspNetDeploy.Dapper.csproj", "{242360D1-F2EC-4451-B3F5-C8F6F639657B}"
EndProject
Project("{FAE04EC0-301F-11D3-BF4B-00C04F79EFBC}") = "Variables.Tests", "Variables.Tests\Variables.Tests.csproj", "{EF1DAE56-4215-4BE9-AD4B-3DB304D319EA}"
EndProject
Project("{2150E333-8FDC-42A3-9474-1A3956D46DE8}") = "4. Setup", "4. Setup", "{0ED84DA0-02FA-42DC-BCDE-61512AAD508A}"
EndProject
Project("{54435603-DBB4-11D2-8724-00A0C9A8B90C}") = "SatelliteServiceHost.Setup", "SatelliteServiceHost.Setup\SatelliteServiceHost.Setup.vdproj", "{CC13C43D-EAFB-4C5F-9D69-F235DACDCF46}"
EndProject
Project("{FAE04EC0-301F-11D3-BF4B-00C04F79EFBC}") = "VsTestLibrary", "VsTestLibrary\VsTestLibrary.csproj", "{30CE4242-159E-4F76-8DB2-ECC83303D7E1}"
EndProject
Project("{2150E333-8FDC-42A3-9474-1A3956D46DE8}") = "Tests", "Tests", "{D9EF607D-D099-48A2-A534-6BD2DA1075B1}"
EndProject
Project("{FAE04EC0-301F-11D3-BF4B-00C04F79EFBC}") = "TestRunners", "TestRunners\TestRunners.csproj", "{5D8F0748-EB61-4C0B-9019-D695CA57C9E7}"
EndProject
Project("{FAE04EC0-301F-11D3-BF4B-00C04F79EFBC}") = "TestRunners.VsTests", "TestRunners.VsTests\TestRunners.VsTests.csproj", "{671368FE-BFA2-4ABE-8259-A678774FB66C}"
EndProject
Project("{FAE04EC0-301F-11D3-BF4B-00C04F79EFBC}") = "BuildServices.DotnetCore", "BuildServices.DotnetCore\BuildServices.DotnetCore.csproj", "{111359CD-237A-4F21-8C87-0CE728C77D3E}"
EndProject
Project("{9A19103F-16F7-4668-BE54-9A1E7A4F7556}") = "DeploymentServices.Grpc", "DeploymentServices.Grpc\DeploymentServices.Grpc.csproj", "{76552135-5512-4A7C-9BA5-E54D39956C36}"
EndProject
Project("{9A19103F-16F7-4668-BE54-9A1E7A4F7556}") = "SatelliteGrpcHost", "SatelliteGrpcHost\SatelliteGrpcHost.csproj", "{20804BEF-367F-49E4-A4AD-88873DC38A13}"
EndProject
Project("{2150E333-8FDC-42A3-9474-1A3956D46DE8}") = "Machine", "Machine", "{E2EB1A65-05FD-4984-81EA-CE7D05179543}"
EndProject
Project("{9A19103F-16F7-4668-BE54-9A1E7A4F7556}") = "MachineServices", "MachineServices\MachineServices.csproj", "{F9F51EE4-4E1E-4814-9EC4-80F21BFFC69B}"
EndProject
Project("{9A19103F-16F7-4668-BE54-9A1E7A4F7556}") = "CertificateBuilder", "CertificateBuilder\CertificateBuilder.csproj", "{4C40AFD7-358C-43A6-91D8-F431797A8048}"
EndProject
Project("{FAE04EC0-301F-11D3-BF4B-00C04F79EFBC}") = "DeploymentServices.GrpcMonitoring", "DeploymentServices.GrpcMonitoring\DeploymentServices.GrpcMonitoring.csproj", "{727CFD87-9757-4AD2-A2E7-2D237252FD63}"
EndProject
Global
	GlobalSection(SolutionConfigurationPlatforms) = preSolution
		Debug|Any CPU = Debug|Any CPU
		Release|Any CPU = Release|Any CPU
	EndGlobalSection
	GlobalSection(ProjectConfigurationPlatforms) = postSolution
		{716AC799-37AF-45F5-8716-8F6F415F3349}.Debug|Any CPU.ActiveCfg = Debug|Any CPU
		{716AC799-37AF-45F5-8716-8F6F415F3349}.Debug|Any CPU.Build.0 = Debug|Any CPU
		{716AC799-37AF-45F5-8716-8F6F415F3349}.Release|Any CPU.ActiveCfg = Release|Any CPU
		{716AC799-37AF-45F5-8716-8F6F415F3349}.Release|Any CPU.Build.0 = Release|Any CPU
		{4B65D3BA-D8F5-4ED6-86C0-D57202444EEC}.Debug|Any CPU.ActiveCfg = Debug|Any CPU
		{4B65D3BA-D8F5-4ED6-86C0-D57202444EEC}.Debug|Any CPU.Build.0 = Debug|Any CPU
		{4B65D3BA-D8F5-4ED6-86C0-D57202444EEC}.Release|Any CPU.ActiveCfg = Release|Any CPU
		{4B65D3BA-D8F5-4ED6-86C0-D57202444EEC}.Release|Any CPU.Build.0 = Release|Any CPU
		{F5CBAA93-C1C9-43C5-9AB6-8AC2F9DB7741}.Debug|Any CPU.ActiveCfg = Debug|Any CPU
		{F5CBAA93-C1C9-43C5-9AB6-8AC2F9DB7741}.Debug|Any CPU.Build.0 = Debug|Any CPU
		{F5CBAA93-C1C9-43C5-9AB6-8AC2F9DB7741}.Release|Any CPU.ActiveCfg = Release|Any CPU
		{F5CBAA93-C1C9-43C5-9AB6-8AC2F9DB7741}.Release|Any CPU.Build.0 = Release|Any CPU
		{E5FE3E6F-8C55-4348-9337-BB953F4143BB}.Debug|Any CPU.ActiveCfg = Debug|Any CPU
		{E5FE3E6F-8C55-4348-9337-BB953F4143BB}.Debug|Any CPU.Build.0 = Debug|Any CPU
		{E5FE3E6F-8C55-4348-9337-BB953F4143BB}.Release|Any CPU.ActiveCfg = Release|Any CPU
		{E5FE3E6F-8C55-4348-9337-BB953F4143BB}.Release|Any CPU.Build.0 = Release|Any CPU
		{76580B91-2151-48A4-941F-1AEF298B13DE}.Debug|Any CPU.ActiveCfg = Debug|Any CPU
		{76580B91-2151-48A4-941F-1AEF298B13DE}.Debug|Any CPU.Build.0 = Debug|Any CPU
		{76580B91-2151-48A4-941F-1AEF298B13DE}.Release|Any CPU.ActiveCfg = Release|Any CPU
		{76580B91-2151-48A4-941F-1AEF298B13DE}.Release|Any CPU.Build.0 = Release|Any CPU
		{B22A302A-153F-4B7B-91EF-877412D3EFBB}.Debug|Any CPU.ActiveCfg = Debug|Any CPU
		{B22A302A-153F-4B7B-91EF-877412D3EFBB}.Debug|Any CPU.Build.0 = Debug|Any CPU
		{B22A302A-153F-4B7B-91EF-877412D3EFBB}.Release|Any CPU.ActiveCfg = Release|Any CPU
		{B22A302A-153F-4B7B-91EF-877412D3EFBB}.Release|Any CPU.Build.0 = Release|Any CPU
		{86146B7C-8B8C-475B-8879-8D14EB507154}.Debug|Any CPU.ActiveCfg = Debug|Any CPU
		{86146B7C-8B8C-475B-8879-8D14EB507154}.Debug|Any CPU.Build.0 = Debug|Any CPU
		{86146B7C-8B8C-475B-8879-8D14EB507154}.Release|Any CPU.ActiveCfg = Release|Any CPU
		{86146B7C-8B8C-475B-8879-8D14EB507154}.Release|Any CPU.Build.0 = Release|Any CPU
		{2F548CB9-6147-4CFB-B1F6-BE5C0259D675}.Debug|Any CPU.ActiveCfg = Debug|Any CPU
		{2F548CB9-6147-4CFB-B1F6-BE5C0259D675}.Debug|Any CPU.Build.0 = Debug|Any CPU
		{2F548CB9-6147-4CFB-B1F6-BE5C0259D675}.Release|Any CPU.ActiveCfg = Release|Any CPU
		{2F548CB9-6147-4CFB-B1F6-BE5C0259D675}.Release|Any CPU.Build.0 = Release|Any CPU
		{A32D039E-8BE5-43BE-A2BE-C633F6A3C91E}.Debug|Any CPU.ActiveCfg = Debug|Any CPU
		{A32D039E-8BE5-43BE-A2BE-C633F6A3C91E}.Debug|Any CPU.Build.0 = Debug|Any CPU
		{A32D039E-8BE5-43BE-A2BE-C633F6A3C91E}.Release|Any CPU.ActiveCfg = Release|Any CPU
		{A32D039E-8BE5-43BE-A2BE-C633F6A3C91E}.Release|Any CPU.Build.0 = Release|Any CPU
		{F42DD6F1-CDC3-4C0E-B81F-91E9E446C626}.Debug|Any CPU.ActiveCfg = Debug|Any CPU
		{F42DD6F1-CDC3-4C0E-B81F-91E9E446C626}.Debug|Any CPU.Build.0 = Debug|Any CPU
		{F42DD6F1-CDC3-4C0E-B81F-91E9E446C626}.Release|Any CPU.ActiveCfg = Release|Any CPU
		{F42DD6F1-CDC3-4C0E-B81F-91E9E446C626}.Release|Any CPU.Build.0 = Release|Any CPU
		{3D9B4642-DC9C-4951-B0EC-A1AF2F764E38}.Debug|Any CPU.ActiveCfg = Debug|Any CPU
		{3D9B4642-DC9C-4951-B0EC-A1AF2F764E38}.Debug|Any CPU.Build.0 = Debug|Any CPU
		{3D9B4642-DC9C-4951-B0EC-A1AF2F764E38}.Release|Any CPU.ActiveCfg = Release|Any CPU
		{3D9B4642-DC9C-4951-B0EC-A1AF2F764E38}.Release|Any CPU.Build.0 = Release|Any CPU
		{940D1369-A1DA-4025-A9C4-64A760891626}.Debug|Any CPU.ActiveCfg = Debug|Any CPU
		{940D1369-A1DA-4025-A9C4-64A760891626}.Debug|Any CPU.Build.0 = Debug|Any CPU
		{940D1369-A1DA-4025-A9C4-64A760891626}.Release|Any CPU.ActiveCfg = Release|Any CPU
		{940D1369-A1DA-4025-A9C4-64A760891626}.Release|Any CPU.Build.0 = Release|Any CPU
		{0EFE39B5-A8E6-4771-AB24-6B49451902E4}.Debug|Any CPU.ActiveCfg = Debug|Any CPU
		{0EFE39B5-A8E6-4771-AB24-6B49451902E4}.Debug|Any CPU.Build.0 = Debug|Any CPU
		{0EFE39B5-A8E6-4771-AB24-6B49451902E4}.Release|Any CPU.ActiveCfg = Release|Any CPU
		{0EFE39B5-A8E6-4771-AB24-6B49451902E4}.Release|Any CPU.Build.0 = Release|Any CPU
		{264F8BF4-0F49-4167-9283-7F02D7A29731}.Debug|Any CPU.ActiveCfg = Debug|Any CPU
		{264F8BF4-0F49-4167-9283-7F02D7A29731}.Debug|Any CPU.Build.0 = Debug|Any CPU
		{264F8BF4-0F49-4167-9283-7F02D7A29731}.Release|Any CPU.ActiveCfg = Release|Any CPU
		{264F8BF4-0F49-4167-9283-7F02D7A29731}.Release|Any CPU.Build.0 = Release|Any CPU
		{BD2B7DB5-C23E-4D5E-943C-0150FE1E91D9}.Debug|Any CPU.ActiveCfg = Debug|Any CPU
		{BD2B7DB5-C23E-4D5E-943C-0150FE1E91D9}.Debug|Any CPU.Build.0 = Debug|Any CPU
		{BD2B7DB5-C23E-4D5E-943C-0150FE1E91D9}.Release|Any CPU.ActiveCfg = Release|Any CPU
		{BD2B7DB5-C23E-4D5E-943C-0150FE1E91D9}.Release|Any CPU.Build.0 = Release|Any CPU
		{F0FEBF20-BEBF-4BD0-9819-D4EA212F773B}.Debug|Any CPU.ActiveCfg = Debug|Any CPU
		{F0FEBF20-BEBF-4BD0-9819-D4EA212F773B}.Debug|Any CPU.Build.0 = Debug|Any CPU
		{F0FEBF20-BEBF-4BD0-9819-D4EA212F773B}.Release|Any CPU.ActiveCfg = Release|Any CPU
		{F0FEBF20-BEBF-4BD0-9819-D4EA212F773B}.Release|Any CPU.Build.0 = Release|Any CPU
		{F91D4165-BA2F-4C06-9BE7-2662C0EA7B0E}.Debug|Any CPU.ActiveCfg = Debug|Any CPU
		{F91D4165-BA2F-4C06-9BE7-2662C0EA7B0E}.Debug|Any CPU.Build.0 = Debug|Any CPU
		{F91D4165-BA2F-4C06-9BE7-2662C0EA7B0E}.Release|Any CPU.ActiveCfg = Release|Any CPU
		{F91D4165-BA2F-4C06-9BE7-2662C0EA7B0E}.Release|Any CPU.Build.0 = Release|Any CPU
		{066BF48B-C1D2-4967-BAED-52E8CBE2B5C0}.Debug|Any CPU.ActiveCfg = Debug|Any CPU
		{066BF48B-C1D2-4967-BAED-52E8CBE2B5C0}.Debug|Any CPU.Build.0 = Debug|Any CPU
		{066BF48B-C1D2-4967-BAED-52E8CBE2B5C0}.Release|Any CPU.ActiveCfg = Release|Any CPU
		{066BF48B-C1D2-4967-BAED-52E8CBE2B5C0}.Release|Any CPU.Build.0 = Release|Any CPU
		{B0E624BD-68CD-4E79-99A3-77658A47A21C}.Debug|Any CPU.ActiveCfg = Debug|Any CPU
		{B0E624BD-68CD-4E79-99A3-77658A47A21C}.Debug|Any CPU.Build.0 = Debug|Any CPU
		{B0E624BD-68CD-4E79-99A3-77658A47A21C}.Release|Any CPU.ActiveCfg = Release|Any CPU
		{B0E624BD-68CD-4E79-99A3-77658A47A21C}.Release|Any CPU.Build.0 = Release|Any CPU
		{35A84719-3B24-4D84-B632-B741AB9607BD}.Debug|Any CPU.ActiveCfg = Debug|Any CPU
		{35A84719-3B24-4D84-B632-B741AB9607BD}.Debug|Any CPU.Build.0 = Debug|Any CPU
		{35A84719-3B24-4D84-B632-B741AB9607BD}.Release|Any CPU.ActiveCfg = Release|Any CPU
		{35A84719-3B24-4D84-B632-B741AB9607BD}.Release|Any CPU.Build.0 = Release|Any CPU
		{83DCC20E-1E31-4E25-8384-507823BD4B1A}.Debug|Any CPU.ActiveCfg = Debug|Any CPU
		{83DCC20E-1E31-4E25-8384-507823BD4B1A}.Debug|Any CPU.Build.0 = Debug|Any CPU
		{83DCC20E-1E31-4E25-8384-507823BD4B1A}.Release|Any CPU.ActiveCfg = Release|Any CPU
		{83DCC20E-1E31-4E25-8384-507823BD4B1A}.Release|Any CPU.Build.0 = Release|Any CPU
		{F713EDD4-1699-4792-9894-658200428E3B}.Debug|Any CPU.ActiveCfg = Debug|Any CPU
		{F713EDD4-1699-4792-9894-658200428E3B}.Debug|Any CPU.Build.0 = Debug|Any CPU
		{F713EDD4-1699-4792-9894-658200428E3B}.Release|Any CPU.ActiveCfg = Release|Any CPU
		{F713EDD4-1699-4792-9894-658200428E3B}.Release|Any CPU.Build.0 = Release|Any CPU
		{87C8F2EC-BA8B-4EFF-A320-23AFBD070738}.Debug|Any CPU.ActiveCfg = Debug|Any CPU
		{87C8F2EC-BA8B-4EFF-A320-23AFBD070738}.Debug|Any CPU.Build.0 = Debug|Any CPU
		{87C8F2EC-BA8B-4EFF-A320-23AFBD070738}.Release|Any CPU.ActiveCfg = Release|Any CPU
		{87C8F2EC-BA8B-4EFF-A320-23AFBD070738}.Release|Any CPU.Build.0 = Release|Any CPU
		{CDDEA61F-AA3C-473D-AF02-5B8D424F7B17}.Debug|Any CPU.ActiveCfg = Debug|Any CPU
		{CDDEA61F-AA3C-473D-AF02-5B8D424F7B17}.Debug|Any CPU.Build.0 = Debug|Any CPU
		{CDDEA61F-AA3C-473D-AF02-5B8D424F7B17}.Release|Any CPU.ActiveCfg = Release|Any CPU
		{CDDEA61F-AA3C-473D-AF02-5B8D424F7B17}.Release|Any CPU.Build.0 = Release|Any CPU
		{CC40CDCA-E692-4F7C-86F8-F4FA586B6CBB}.Debug|Any CPU.ActiveCfg = Debug|Any CPU
		{CC40CDCA-E692-4F7C-86F8-F4FA586B6CBB}.Debug|Any CPU.Build.0 = Debug|Any CPU
		{CC40CDCA-E692-4F7C-86F8-F4FA586B6CBB}.Release|Any CPU.ActiveCfg = Release|Any CPU
		{CC40CDCA-E692-4F7C-86F8-F4FA586B6CBB}.Release|Any CPU.Build.0 = Release|Any CPU
		{16F91492-7FA9-49DF-BB7D-4D5D27147942}.Debug|Any CPU.ActiveCfg = Debug|Any CPU
		{16F91492-7FA9-49DF-BB7D-4D5D27147942}.Debug|Any CPU.Build.0 = Debug|Any CPU
		{16F91492-7FA9-49DF-BB7D-4D5D27147942}.Release|Any CPU.ActiveCfg = Release|Any CPU
		{16F91492-7FA9-49DF-BB7D-4D5D27147942}.Release|Any CPU.Build.0 = Release|Any CPU
		{197267FA-CD51-41F1-A4BB-7860967B0D99}.Debug|Any CPU.ActiveCfg = Debug|Any CPU
		{197267FA-CD51-41F1-A4BB-7860967B0D99}.Debug|Any CPU.Build.0 = Debug|Any CPU
		{197267FA-CD51-41F1-A4BB-7860967B0D99}.Release|Any CPU.ActiveCfg = Release|Any CPU
		{197267FA-CD51-41F1-A4BB-7860967B0D99}.Release|Any CPU.Build.0 = Release|Any CPU
		{91C808E0-B351-43EF-9738-9AF6FC9DFD39}.Debug|Any CPU.ActiveCfg = Debug|Any CPU
		{91C808E0-B351-43EF-9738-9AF6FC9DFD39}.Debug|Any CPU.Build.0 = Debug|Any CPU
		{91C808E0-B351-43EF-9738-9AF6FC9DFD39}.Release|Any CPU.ActiveCfg = Release|Any CPU
		{91C808E0-B351-43EF-9738-9AF6FC9DFD39}.Release|Any CPU.Build.0 = Release|Any CPU
		{54D20752-2482-4C6A-98B9-D0635F3731F9}.Debug|Any CPU.ActiveCfg = Debug|Any CPU
		{54D20752-2482-4C6A-98B9-D0635F3731F9}.Debug|Any CPU.Build.0 = Debug|Any CPU
		{54D20752-2482-4C6A-98B9-D0635F3731F9}.Release|Any CPU.ActiveCfg = Release|Any CPU
		{54D20752-2482-4C6A-98B9-D0635F3731F9}.Release|Any CPU.Build.0 = Release|Any CPU
		{6192E2D0-88B7-4ED5-B556-19A7959D1788}.Debug|Any CPU.ActiveCfg = Debug|Any CPU
		{6192E2D0-88B7-4ED5-B556-19A7959D1788}.Debug|Any CPU.Build.0 = Debug|Any CPU
		{6192E2D0-88B7-4ED5-B556-19A7959D1788}.Release|Any CPU.ActiveCfg = Release|Any CPU
		{6192E2D0-88B7-4ED5-B556-19A7959D1788}.Release|Any CPU.Build.0 = Release|Any CPU
		{D599826D-2EBD-4C3F-904A-A404E790841B}.Debug|Any CPU.ActiveCfg = Debug|Any CPU
		{D599826D-2EBD-4C3F-904A-A404E790841B}.Debug|Any CPU.Build.0 = Debug|Any CPU
		{D599826D-2EBD-4C3F-904A-A404E790841B}.Release|Any CPU.ActiveCfg = Release|Any CPU
		{D599826D-2EBD-4C3F-904A-A404E790841B}.Release|Any CPU.Build.0 = Release|Any CPU
		{B542EA6D-378B-4DA7-85F8-EE51CEBB457C}.Debug|Any CPU.ActiveCfg = Debug|Any CPU
		{B542EA6D-378B-4DA7-85F8-EE51CEBB457C}.Debug|Any CPU.Build.0 = Debug|Any CPU
		{B542EA6D-378B-4DA7-85F8-EE51CEBB457C}.Release|Any CPU.ActiveCfg = Release|Any CPU
		{B542EA6D-378B-4DA7-85F8-EE51CEBB457C}.Release|Any CPU.Build.0 = Release|Any CPU
		{1071BF12-F1C6-4477-9D81-C293301507AE}.Debug|Any CPU.ActiveCfg = Debug|Any CPU
		{1071BF12-F1C6-4477-9D81-C293301507AE}.Debug|Any CPU.Build.0 = Debug|Any CPU
		{1071BF12-F1C6-4477-9D81-C293301507AE}.Release|Any CPU.ActiveCfg = Release|Any CPU
		{1071BF12-F1C6-4477-9D81-C293301507AE}.Release|Any CPU.Build.0 = Release|Any CPU
		{624A245B-5332-4217-AD35-26FA6B1F8ED5}.Debug|Any CPU.ActiveCfg = Debug|Any CPU
		{624A245B-5332-4217-AD35-26FA6B1F8ED5}.Debug|Any CPU.Build.0 = Debug|Any CPU
		{624A245B-5332-4217-AD35-26FA6B1F8ED5}.Release|Any CPU.ActiveCfg = Release|Any CPU
		{624A245B-5332-4217-AD35-26FA6B1F8ED5}.Release|Any CPU.Build.0 = Release|Any CPU
		{E1B89197-95E6-46C4-B1C7-F3145BAA43B5}.Debug|Any CPU.ActiveCfg = Debug|Any CPU
		{E1B89197-95E6-46C4-B1C7-F3145BAA43B5}.Debug|Any CPU.Build.0 = Debug|Any CPU
		{E1B89197-95E6-46C4-B1C7-F3145BAA43B5}.Release|Any CPU.ActiveCfg = Release|Any CPU
		{E1B89197-95E6-46C4-B1C7-F3145BAA43B5}.Release|Any CPU.Build.0 = Release|Any CPU
		{C293A126-3ACC-4134-B6B1-23ADD558641F}.Debug|Any CPU.ActiveCfg = Debug|Any CPU
		{C293A126-3ACC-4134-B6B1-23ADD558641F}.Debug|Any CPU.Build.0 = Debug|Any CPU
		{C293A126-3ACC-4134-B6B1-23ADD558641F}.Release|Any CPU.ActiveCfg = Release|Any CPU
		{C293A126-3ACC-4134-B6B1-23ADD558641F}.Release|Any CPU.Build.0 = Release|Any CPU
		{DCAC5E5E-2FC1-4C1D-B2B3-77113D98C40F}.Debug|Any CPU.ActiveCfg = Debug|Any CPU
		{DCAC5E5E-2FC1-4C1D-B2B3-77113D98C40F}.Debug|Any CPU.Build.0 = Debug|Any CPU
		{DCAC5E5E-2FC1-4C1D-B2B3-77113D98C40F}.Release|Any CPU.ActiveCfg = Release|Any CPU
		{DCAC5E5E-2FC1-4C1D-B2B3-77113D98C40F}.Release|Any CPU.Build.0 = Release|Any CPU
		{845C08E5-6953-42E0-A7DA-91DF6BEF62A9}.Debug|Any CPU.ActiveCfg = Debug|Any CPU
		{845C08E5-6953-42E0-A7DA-91DF6BEF62A9}.Debug|Any CPU.Build.0 = Debug|Any CPU
		{845C08E5-6953-42E0-A7DA-91DF6BEF62A9}.Release|Any CPU.ActiveCfg = Release|Any CPU
		{845C08E5-6953-42E0-A7DA-91DF6BEF62A9}.Release|Any CPU.Build.0 = Release|Any CPU
		{94622F2D-3769-4FC4-9686-49ECA3E4077C}.Debug|Any CPU.ActiveCfg = Debug|Any CPU
		{94622F2D-3769-4FC4-9686-49ECA3E4077C}.Debug|Any CPU.Build.0 = Debug|Any CPU
		{94622F2D-3769-4FC4-9686-49ECA3E4077C}.Release|Any CPU.ActiveCfg = Release|Any CPU
		{94622F2D-3769-4FC4-9686-49ECA3E4077C}.Release|Any CPU.Build.0 = Release|Any CPU
		{C4AA5103-38EB-4908-9932-C3FA0D0FEC4E}.Debug|Any CPU.ActiveCfg = Debug|Any CPU
		{C4AA5103-38EB-4908-9932-C3FA0D0FEC4E}.Debug|Any CPU.Build.0 = Debug|Any CPU
		{C4AA5103-38EB-4908-9932-C3FA0D0FEC4E}.Release|Any CPU.ActiveCfg = Release|Any CPU
		{C4AA5103-38EB-4908-9932-C3FA0D0FEC4E}.Release|Any CPU.Build.0 = Release|Any CPU
		{4C37BE99-0293-417D-9982-0EB70190880A}.Debug|Any CPU.ActiveCfg = Debug|Any CPU
		{4C37BE99-0293-417D-9982-0EB70190880A}.Debug|Any CPU.Build.0 = Debug|Any CPU
		{4C37BE99-0293-417D-9982-0EB70190880A}.Release|Any CPU.ActiveCfg = Release|Any CPU
		{4C37BE99-0293-417D-9982-0EB70190880A}.Release|Any CPU.Build.0 = Release|Any CPU
		{A54503F8-4AD9-4D8B-B6E0-D0D52E6AF411}.Debug|Any CPU.ActiveCfg = Debug|Any CPU
		{A54503F8-4AD9-4D8B-B6E0-D0D52E6AF411}.Debug|Any CPU.Build.0 = Debug|Any CPU
		{A54503F8-4AD9-4D8B-B6E0-D0D52E6AF411}.Release|Any CPU.ActiveCfg = Release|Any CPU
		{A54503F8-4AD9-4D8B-B6E0-D0D52E6AF411}.Release|Any CPU.Build.0 = Release|Any CPU
		{F380D920-1BCE-460D-8F3E-DEF4E71DB03C}.Debug|Any CPU.ActiveCfg = Debug|Any CPU
		{F380D920-1BCE-460D-8F3E-DEF4E71DB03C}.Debug|Any CPU.Build.0 = Debug|Any CPU
		{F380D920-1BCE-460D-8F3E-DEF4E71DB03C}.Release|Any CPU.ActiveCfg = Release|Any CPU
		{F380D920-1BCE-460D-8F3E-DEF4E71DB03C}.Release|Any CPU.Build.0 = Release|Any CPU
		{9C1E615D-45D7-42B7-BBF5-A49E6C18A481}.Debug|Any CPU.ActiveCfg = Debug|Any CPU
		{9C1E615D-45D7-42B7-BBF5-A49E6C18A481}.Debug|Any CPU.Build.0 = Debug|Any CPU
		{9C1E615D-45D7-42B7-BBF5-A49E6C18A481}.Release|Any CPU.ActiveCfg = Release|Any CPU
		{9C1E615D-45D7-42B7-BBF5-A49E6C18A481}.Release|Any CPU.Build.0 = Release|Any CPU
		{7A050DF8-5017-4FBC-AF33-DBA7AAF4C781}.Debug|Any CPU.ActiveCfg = Debug|Any CPU
		{7A050DF8-5017-4FBC-AF33-DBA7AAF4C781}.Debug|Any CPU.Build.0 = Debug|Any CPU
		{7A050DF8-5017-4FBC-AF33-DBA7AAF4C781}.Release|Any CPU.ActiveCfg = Release|Any CPU
		{7A050DF8-5017-4FBC-AF33-DBA7AAF4C781}.Release|Any CPU.Build.0 = Release|Any CPU
		{676173F9-2E48-4306-901F-D1998CFD2057}.Debug|Any CPU.ActiveCfg = Debug|Any CPU
		{676173F9-2E48-4306-901F-D1998CFD2057}.Debug|Any CPU.Build.0 = Debug|Any CPU
		{676173F9-2E48-4306-901F-D1998CFD2057}.Release|Any CPU.ActiveCfg = Release|Any CPU
		{676173F9-2E48-4306-901F-D1998CFD2057}.Release|Any CPU.Build.0 = Release|Any CPU
		{DCA0C9A3-F9E9-4591-B072-1958594D6A9C}.Debug|Any CPU.ActiveCfg = Debug|Any CPU
		{DCA0C9A3-F9E9-4591-B072-1958594D6A9C}.Debug|Any CPU.Build.0 = Debug|Any CPU
		{DCA0C9A3-F9E9-4591-B072-1958594D6A9C}.Release|Any CPU.ActiveCfg = Release|Any CPU
		{DCA0C9A3-F9E9-4591-B072-1958594D6A9C}.Release|Any CPU.Build.0 = Release|Any CPU
		{9C940383-09B0-46C9-8949-661AB623232E}.Debug|Any CPU.ActiveCfg = Debug|Any CPU
		{9C940383-09B0-46C9-8949-661AB623232E}.Debug|Any CPU.Build.0 = Debug|Any CPU
		{9C940383-09B0-46C9-8949-661AB623232E}.Release|Any CPU.ActiveCfg = Release|Any CPU
		{9C940383-09B0-46C9-8949-661AB623232E}.Release|Any CPU.Build.0 = Release|Any CPU
		{C03F2436-D1E1-4A0A-83A3-D7E5683AC3AB}.Debug|Any CPU.ActiveCfg = Debug|Any CPU
		{C03F2436-D1E1-4A0A-83A3-D7E5683AC3AB}.Debug|Any CPU.Build.0 = Debug|Any CPU
		{C03F2436-D1E1-4A0A-83A3-D7E5683AC3AB}.Release|Any CPU.ActiveCfg = Release|Any CPU
		{C03F2436-D1E1-4A0A-83A3-D7E5683AC3AB}.Release|Any CPU.Build.0 = Release|Any CPU
		{7F2A5635-44AC-460D-9CCA-CFB3C8344A12}.Debug|Any CPU.ActiveCfg = Debug|Any CPU
		{7F2A5635-44AC-460D-9CCA-CFB3C8344A12}.Debug|Any CPU.Build.0 = Debug|Any CPU
		{7F2A5635-44AC-460D-9CCA-CFB3C8344A12}.Release|Any CPU.ActiveCfg = Release|Any CPU
		{7F2A5635-44AC-460D-9CCA-CFB3C8344A12}.Release|Any CPU.Build.0 = Release|Any CPU
		{242360D1-F2EC-4451-B3F5-C8F6F639657B}.Debug|Any CPU.ActiveCfg = Debug|Any CPU
		{242360D1-F2EC-4451-B3F5-C8F6F639657B}.Debug|Any CPU.Build.0 = Debug|Any CPU
		{242360D1-F2EC-4451-B3F5-C8F6F639657B}.Release|Any CPU.ActiveCfg = Release|Any CPU
		{242360D1-F2EC-4451-B3F5-C8F6F639657B}.Release|Any CPU.Build.0 = Release|Any CPU
		{EF1DAE56-4215-4BE9-AD4B-3DB304D319EA}.Debug|Any CPU.ActiveCfg = Debug|Any CPU
		{EF1DAE56-4215-4BE9-AD4B-3DB304D319EA}.Debug|Any CPU.Build.0 = Debug|Any CPU
		{EF1DAE56-4215-4BE9-AD4B-3DB304D319EA}.Release|Any CPU.ActiveCfg = Release|Any CPU
		{EF1DAE56-4215-4BE9-AD4B-3DB304D319EA}.Release|Any CPU.Build.0 = Release|Any CPU
		{CC13C43D-EAFB-4C5F-9D69-F235DACDCF46}.Debug|Any CPU.ActiveCfg = Debug
		{CC13C43D-EAFB-4C5F-9D69-F235DACDCF46}.Release|Any CPU.ActiveCfg = Release
		{30CE4242-159E-4F76-8DB2-ECC83303D7E1}.Debug|Any CPU.ActiveCfg = Debug|Any CPU
		{30CE4242-159E-4F76-8DB2-ECC83303D7E1}.Debug|Any CPU.Build.0 = Debug|Any CPU
		{30CE4242-159E-4F76-8DB2-ECC83303D7E1}.Release|Any CPU.ActiveCfg = Release|Any CPU
		{30CE4242-159E-4F76-8DB2-ECC83303D7E1}.Release|Any CPU.Build.0 = Release|Any CPU
		{5D8F0748-EB61-4C0B-9019-D695CA57C9E7}.Debug|Any CPU.ActiveCfg = Debug|Any CPU
		{5D8F0748-EB61-4C0B-9019-D695CA57C9E7}.Debug|Any CPU.Build.0 = Debug|Any CPU
		{5D8F0748-EB61-4C0B-9019-D695CA57C9E7}.Release|Any CPU.ActiveCfg = Release|Any CPU
		{5D8F0748-EB61-4C0B-9019-D695CA57C9E7}.Release|Any CPU.Build.0 = Release|Any CPU
		{671368FE-BFA2-4ABE-8259-A678774FB66C}.Debug|Any CPU.ActiveCfg = Debug|Any CPU
		{671368FE-BFA2-4ABE-8259-A678774FB66C}.Debug|Any CPU.Build.0 = Debug|Any CPU
		{671368FE-BFA2-4ABE-8259-A678774FB66C}.Release|Any CPU.ActiveCfg = Release|Any CPU
		{671368FE-BFA2-4ABE-8259-A678774FB66C}.Release|Any CPU.Build.0 = Release|Any CPU
		{111359CD-237A-4F21-8C87-0CE728C77D3E}.Debug|Any CPU.ActiveCfg = Debug|Any CPU
		{111359CD-237A-4F21-8C87-0CE728C77D3E}.Debug|Any CPU.Build.0 = Debug|Any CPU
		{111359CD-237A-4F21-8C87-0CE728C77D3E}.Release|Any CPU.ActiveCfg = Release|Any CPU
		{111359CD-237A-4F21-8C87-0CE728C77D3E}.Release|Any CPU.Build.0 = Release|Any CPU
		{76552135-5512-4A7C-9BA5-E54D39956C36}.Debug|Any CPU.ActiveCfg = Debug|Any CPU
		{76552135-5512-4A7C-9BA5-E54D39956C36}.Debug|Any CPU.Build.0 = Debug|Any CPU
		{76552135-5512-4A7C-9BA5-E54D39956C36}.Release|Any CPU.ActiveCfg = Release|Any CPU
		{76552135-5512-4A7C-9BA5-E54D39956C36}.Release|Any CPU.Build.0 = Release|Any CPU
		{20804BEF-367F-49E4-A4AD-88873DC38A13}.Debug|Any CPU.ActiveCfg = Debug|Any CPU
		{20804BEF-367F-49E4-A4AD-88873DC38A13}.Debug|Any CPU.Build.0 = Debug|Any CPU
		{20804BEF-367F-49E4-A4AD-88873DC38A13}.Release|Any CPU.ActiveCfg = Release|Any CPU
		{20804BEF-367F-49E4-A4AD-88873DC38A13}.Release|Any CPU.Build.0 = Release|Any CPU
		{F9F51EE4-4E1E-4814-9EC4-80F21BFFC69B}.Debug|Any CPU.ActiveCfg = Debug|Any CPU
		{F9F51EE4-4E1E-4814-9EC4-80F21BFFC69B}.Debug|Any CPU.Build.0 = Debug|Any CPU
		{F9F51EE4-4E1E-4814-9EC4-80F21BFFC69B}.Release|Any CPU.ActiveCfg = Release|Any CPU
		{F9F51EE4-4E1E-4814-9EC4-80F21BFFC69B}.Release|Any CPU.Build.0 = Release|Any CPU
		{4C40AFD7-358C-43A6-91D8-F431797A8048}.Debug|Any CPU.ActiveCfg = Debug|Any CPU
		{4C40AFD7-358C-43A6-91D8-F431797A8048}.Debug|Any CPU.Build.0 = Debug|Any CPU
		{4C40AFD7-358C-43A6-91D8-F431797A8048}.Release|Any CPU.ActiveCfg = Release|Any CPU
		{4C40AFD7-358C-43A6-91D8-F431797A8048}.Release|Any CPU.Build.0 = Release|Any CPU
		{727CFD87-9757-4AD2-A2E7-2D237252FD63}.Debug|Any CPU.ActiveCfg = Debug|Any CPU
		{727CFD87-9757-4AD2-A2E7-2D237252FD63}.Debug|Any CPU.Build.0 = Debug|Any CPU
		{727CFD87-9757-4AD2-A2E7-2D237252FD63}.Release|Any CPU.ActiveCfg = Release|Any CPU
		{727CFD87-9757-4AD2-A2E7-2D237252FD63}.Release|Any CPU.Build.0 = Release|Any CPU
	EndGlobalSection
	GlobalSection(SolutionProperties) = preSolution
		HideSolutionNode = FALSE
	EndGlobalSection
	GlobalSection(NestedProjects) = preSolution
		{716AC799-37AF-45F5-8716-8F6F415F3349} = {F30FAF16-0F9C-4FA4-948F-90266891E97E}
		{F30FAF16-0F9C-4FA4-948F-90266891E97E} = {DEF70926-942F-472E-916B-021E74EE4E60}
		{4B65D3BA-D8F5-4ED6-86C0-D57202444EEC} = {F30FAF16-0F9C-4FA4-948F-90266891E97E}
		{F5CBAA93-C1C9-43C5-9AB6-8AC2F9DB7741} = {13CF6F30-C720-4547-8462-A927F15E3A5E}
		{E5FE3E6F-8C55-4348-9337-BB953F4143BB} = {13CF6F30-C720-4547-8462-A927F15E3A5E}
		{13CF6F30-C720-4547-8462-A927F15E3A5E} = {D23AB140-E668-4230-9F9B-A31926E3E199}
		{BCD681B9-D4C5-4DF3-87CB-80CA4FCC45EC} = {DEF70926-942F-472E-916B-021E74EE4E60}
		{76580B91-2151-48A4-941F-1AEF298B13DE} = {BCD681B9-D4C5-4DF3-87CB-80CA4FCC45EC}
		{B22A302A-153F-4B7B-91EF-877412D3EFBB} = {BCD681B9-D4C5-4DF3-87CB-80CA4FCC45EC}
		{86146B7C-8B8C-475B-8879-8D14EB507154} = {BCD681B9-D4C5-4DF3-87CB-80CA4FCC45EC}
		{2F548CB9-6147-4CFB-B1F6-BE5C0259D675} = {20EDDC5D-B58E-46F4-8961-4C5587BB4CAB}
		{A32D039E-8BE5-43BE-A2BE-C633F6A3C91E} = {20EDDC5D-B58E-46F4-8961-4C5587BB4CAB}
		{F42DD6F1-CDC3-4C0E-B81F-91E9E446C626} = {20EDDC5D-B58E-46F4-8961-4C5587BB4CAB}
		{3D9B4642-DC9C-4951-B0EC-A1AF2F764E38} = {D23AB140-E668-4230-9F9B-A31926E3E199}
		{2BAE3B06-63CF-483D-ACA2-6662C78B2422} = {DEF70926-942F-472E-916B-021E74EE4E60}
		{940D1369-A1DA-4025-A9C4-64A760891626} = {2BAE3B06-63CF-483D-ACA2-6662C78B2422}
		{0EFE39B5-A8E6-4771-AB24-6B49451902E4} = {0D24E791-9F14-46DF-AE2D-BD45D08CFE31}
		{264F8BF4-0F49-4167-9283-7F02D7A29731} = {0D24E791-9F14-46DF-AE2D-BD45D08CFE31}
		{BD2B7DB5-C23E-4D5E-943C-0150FE1E91D9} = {2BAE3B06-63CF-483D-ACA2-6662C78B2422}
		{F0FEBF20-BEBF-4BD0-9819-D4EA212F773B} = {20EDDC5D-B58E-46F4-8961-4C5587BB4CAB}
		{20EDDC5D-B58E-46F4-8961-4C5587BB4CAB} = {2BAE3B06-63CF-483D-ACA2-6662C78B2422}
		{0D24E791-9F14-46DF-AE2D-BD45D08CFE31} = {2BAE3B06-63CF-483D-ACA2-6662C78B2422}
		{F91D4165-BA2F-4C06-9BE7-2662C0EA7B0E} = {0D24E791-9F14-46DF-AE2D-BD45D08CFE31}
		{066BF48B-C1D2-4967-BAED-52E8CBE2B5C0} = {F30FAF16-0F9C-4FA4-948F-90266891E97E}
		{B0E624BD-68CD-4E79-99A3-77658A47A21C} = {D23AB140-E668-4230-9F9B-A31926E3E199}
		{35A84719-3B24-4D84-B632-B741AB9607BD} = {0D24E791-9F14-46DF-AE2D-BD45D08CFE31}
		{83DCC20E-1E31-4E25-8384-507823BD4B1A} = {0D24E791-9F14-46DF-AE2D-BD45D08CFE31}
		{6083A989-2E29-42A7-B124-8077AE3A2DEE} = {2BAE3B06-63CF-483D-ACA2-6662C78B2422}
		{F713EDD4-1699-4792-9894-658200428E3B} = {6083A989-2E29-42A7-B124-8077AE3A2DEE}
		{87C8F2EC-BA8B-4EFF-A320-23AFBD070738} = {1F8A5FDE-D271-4919-ADE7-9CBD84C29149}
		{CDDEA61F-AA3C-473D-AF02-5B8D424F7B17} = {E2599008-7B50-4236-BB6B-55AD26951864}
		{E2599008-7B50-4236-BB6B-55AD26951864} = {998D1C30-5AE8-434D-A602-E6670066118C}
		{1F8A5FDE-D271-4919-ADE7-9CBD84C29149} = {998D1C30-5AE8-434D-A602-E6670066118C}
		{CC40CDCA-E692-4F7C-86F8-F4FA586B6CBB} = {1F8A5FDE-D271-4919-ADE7-9CBD84C29149}
		{16F91492-7FA9-49DF-BB7D-4D5D27147942} = {1F8A5FDE-D271-4919-ADE7-9CBD84C29149}
		{197267FA-CD51-41F1-A4BB-7860967B0D99} = {B2B7A4F1-F32E-46D1-B26D-7C1A3B294142}
		{B2B7A4F1-F32E-46D1-B26D-7C1A3B294142} = {998D1C30-5AE8-434D-A602-E6670066118C}
		{91C808E0-B351-43EF-9738-9AF6FC9DFD39} = {B2B7A4F1-F32E-46D1-B26D-7C1A3B294142}
		{54D20752-2482-4C6A-98B9-D0635F3731F9} = {B2B7A4F1-F32E-46D1-B26D-7C1A3B294142}
		{C930D618-BB7C-4D23-8B84-9B9586BBD662} = {2BAE3B06-63CF-483D-ACA2-6662C78B2422}
		{6192E2D0-88B7-4ED5-B556-19A7959D1788} = {C930D618-BB7C-4D23-8B84-9B9586BBD662}
		{D599826D-2EBD-4C3F-904A-A404E790841B} = {C930D618-BB7C-4D23-8B84-9B9586BBD662}
		{B542EA6D-378B-4DA7-85F8-EE51CEBB457C} = {6083A989-2E29-42A7-B124-8077AE3A2DEE}
		{1071BF12-F1C6-4477-9D81-C293301507AE} = {B2B7A4F1-F32E-46D1-B26D-7C1A3B294142}
		{624A245B-5332-4217-AD35-26FA6B1F8ED5} = {C930D618-BB7C-4D23-8B84-9B9586BBD662}
		{B727AB72-0680-41EB-A64C-63A3EBBD0F4E} = {2BAE3B06-63CF-483D-ACA2-6662C78B2422}
		{E1B89197-95E6-46C4-B1C7-F3145BAA43B5} = {B727AB72-0680-41EB-A64C-63A3EBBD0F4E}
		{C293A126-3ACC-4134-B6B1-23ADD558641F} = {B727AB72-0680-41EB-A64C-63A3EBBD0F4E}
		{DCAC5E5E-2FC1-4C1D-B2B3-77113D98C40F} = {B727AB72-0680-41EB-A64C-63A3EBBD0F4E}
		{845C08E5-6953-42E0-A7DA-91DF6BEF62A9} = {D23AB140-E668-4230-9F9B-A31926E3E199}
		{94622F2D-3769-4FC4-9686-49ECA3E4077C} = {B727AB72-0680-41EB-A64C-63A3EBBD0F4E}
		{C4AA5103-38EB-4908-9932-C3FA0D0FEC4E} = {0D24E791-9F14-46DF-AE2D-BD45D08CFE31}
		{4C37BE99-0293-417D-9982-0EB70190880A} = {C623E240-DEBF-4D81-98D8-E5C691846548}
		{A54503F8-4AD9-4D8B-B6E0-D0D52E6AF411} = {E2599008-7B50-4236-BB6B-55AD26951864}
		{F380D920-1BCE-460D-8F3E-DEF4E71DB03C} = {D23AB140-E668-4230-9F9B-A31926E3E199}
		{C623E240-DEBF-4D81-98D8-E5C691846548} = {2BAE3B06-63CF-483D-ACA2-6662C78B2422}
		{9C1E615D-45D7-42B7-BBF5-A49E6C18A481} = {C623E240-DEBF-4D81-98D8-E5C691846548}
		{7A050DF8-5017-4FBC-AF33-DBA7AAF4C781} = {D23AB140-E668-4230-9F9B-A31926E3E199}
		{676173F9-2E48-4306-901F-D1998CFD2057} = {D23AB140-E668-4230-9F9B-A31926E3E199}
		{DCA0C9A3-F9E9-4591-B072-1958594D6A9C} = {B727AB72-0680-41EB-A64C-63A3EBBD0F4E}
		{9C940383-09B0-46C9-8949-661AB623232E} = {0D24E791-9F14-46DF-AE2D-BD45D08CFE31}
		{C03F2436-D1E1-4A0A-83A3-D7E5683AC3AB} = {0D24E791-9F14-46DF-AE2D-BD45D08CFE31}
		{7F2A5635-44AC-460D-9CCA-CFB3C8344A12} = {0D24E791-9F14-46DF-AE2D-BD45D08CFE31}
		{242360D1-F2EC-4451-B3F5-C8F6F639657B} = {BCD681B9-D4C5-4DF3-87CB-80CA4FCC45EC}
		{EF1DAE56-4215-4BE9-AD4B-3DB304D319EA} = {6083A989-2E29-42A7-B124-8077AE3A2DEE}
		{0ED84DA0-02FA-42DC-BCDE-61512AAD508A} = {998D1C30-5AE8-434D-A602-E6670066118C}
		{CC13C43D-EAFB-4C5F-9D69-F235DACDCF46} = {0ED84DA0-02FA-42DC-BCDE-61512AAD508A}
		{30CE4242-159E-4F76-8DB2-ECC83303D7E1} = {D23AB140-E668-4230-9F9B-A31926E3E199}
		{D9EF607D-D099-48A2-A534-6BD2DA1075B1} = {2BAE3B06-63CF-483D-ACA2-6662C78B2422}
		{5D8F0748-EB61-4C0B-9019-D695CA57C9E7} = {D9EF607D-D099-48A2-A534-6BD2DA1075B1}
		{671368FE-BFA2-4ABE-8259-A678774FB66C} = {D9EF607D-D099-48A2-A534-6BD2DA1075B1}
		{111359CD-237A-4F21-8C87-0CE728C77D3E} = {0D24E791-9F14-46DF-AE2D-BD45D08CFE31}
		{76552135-5512-4A7C-9BA5-E54D39956C36} = {C930D618-BB7C-4D23-8B84-9B9586BBD662}
		{20804BEF-367F-49E4-A4AD-88873DC38A13} = {E2599008-7B50-4236-BB6B-55AD26951864}
		{E2EB1A65-05FD-4984-81EA-CE7D05179543} = {2BAE3B06-63CF-483D-ACA2-6662C78B2422}
		{F9F51EE4-4E1E-4814-9EC4-80F21BFFC69B} = {E2EB1A65-05FD-4984-81EA-CE7D05179543}
		{4C40AFD7-358C-43A6-91D8-F431797A8048} = {D23AB140-E668-4230-9F9B-A31926E3E199}
		{727CFD87-9757-4AD2-A2E7-2D237252FD63} = {C930D618-BB7C-4D23-8B84-9B9586BBD662}
	EndGlobalSection
	GlobalSection(ExtensibilityGlobals) = postSolution
		VisualSVNWorkingCopyRoot = .
		SolutionGuid = {5A1640E3-620C-4A77-9672-D5A42DF379A9}
	EndGlobalSection
EndGlobal
